<?xml version="1.0" encoding="utf-8"?>
<Project ToolsVersion="4.0" xmlns="http://schemas.microsoft.com/developer/msbuild/2003">
  <ItemGroup>
    <Filter Include="Source Files">
      <UniqueIdentifier>{4FC737F1-C7A5-4376-A066-2A32D752A2FF}</UniqueIdentifier>
      <Extensions>cpp;c;cc;cxx;c++;cppm;ixx;def;odl;idl;hpj;bat;asm;asmx</Extensions>
    </Filter>
    <Filter Include="Source Files\Utils">
      <UniqueIdentifier>{4ffad612-52f7-4386-a679-7334e0e88e5f}</UniqueIdentifier>
    </Filter>
    <Filter Include="Source Files\AnimationTypes">
      <UniqueIdentifier>{76749a71-8bf2-4f76-b445-6a3254b21b53}</UniqueIdentifier>
    </Filter>
    <Filter Include="Source Files\GraphicsGale">
      <UniqueIdentifier>{e836e4f6-d48f-4cd9-a929-1b382964f05b}</UniqueIdentifier>
    </Filter>
    <Filter Include="thirdparty">
      <UniqueIdentifier>{edbacb47-9c1f-480d-92d5-552ab429d93d}</UniqueIdentifier>
    </Filter>
    <Filter Include="Source Files\Base">
      <UniqueIdentifier>{b18bb788-3c44-456c-9f87-719159ecc196}</UniqueIdentifier>
    </Filter>
    <Filter Include="Source Files\AnimationTypes\Tile Animation">
      <UniqueIdentifier>{f5f9e64f-2218-416f-a22d-5b07a208ed8b}</UniqueIdentifier>
    </Filter>
    <Filter Include="Source Files\AnimationTypes\Plane Animation">
      <UniqueIdentifier>{439696e2-c657-4782-8e96-a7430fbfbe58}</UniqueIdentifier>
    </Filter>
    <Filter Include="Source Files\AnimationTypes\Standard &amp; Streamed Animation">
      <UniqueIdentifier>{daafb527-3fa8-4760-a2cd-42f938c2ffe6}</UniqueIdentifier>
    </Filter>
    <Filter Include="Source Files\AnimationTypes\Palette">
      <UniqueIdentifier>{7193db91-2226-4d30-afee-d87591adbdd0}</UniqueIdentifier>
    </Filter>
  </ItemGroup>
  <ItemGroup>
    <ClCompile Include="SpriteMaster.cpp">
      <Filter>Source Files</Filter>
    </ClCompile>
    <ClCompile Include="stdafx.cpp">
      <Filter>Source Files</Filter>
    </ClCompile>
    <ClCompile Include="Utils\FileUtils.cpp">
      <Filter>Source Files\Utils</Filter>
    </ClCompile>
    <ClCompile Include="AnimationTypes\AnimationProperties.cpp">
      <Filter>Source Files\AnimationTypes</Filter>
    </ClCompile>
    <ClCompile Include="Utils\SpriteUtils.cpp">
      <Filter>Source Files\Utils</Filter>
    </ClCompile>
    <ClCompile Include="Utils\TileUtils.cpp">
      <Filter>Source Files\Utils</Filter>
    </ClCompile>
    <ClCompile Include="Utils\WriteUtils.cpp">
      <Filter>Source Files\Utils</Filter>
    </ClCompile>
    <ClCompile Include="Utils\BitmapUtils.cpp">
      <Filter>Source Files\Utils</Filter>
    </ClCompile>
    <ClCompile Include="GraphicsGale\GraphicsGaleObject.cpp">
      <Filter>Source Files\GraphicsGale</Filter>
    </ClCompile>
    <ClCompile Include="Utils\ParseArguments.cpp">
      <Filter>Source Files\Utils</Filter>
    </ClCompile>
    <ClCompile Include="Utils\StringUtils.cpp">
      <Filter>Source Files\Utils</Filter>
    </ClCompile>
    <ClCompile Include="Base\Sprite.cpp">
      <Filter>Source Files\Base</Filter>
    </ClCompile>
    <ClCompile Include="Base\TileStore.cpp">
      <Filter>Source Files\Base</Filter>
    </ClCompile>
    <ClCompile Include="AnimationTypes\AnimationTypes.cpp">
      <Filter>Source Files\AnimationTypes</Filter>
    </ClCompile>
    <ClCompile Include="AnimationTypes\Animation.cpp">
      <Filter>Source Files\AnimationTypes\Standard &amp; Streamed Animation</Filter>
    </ClCompile>
    <ClCompile Include="AnimationTypes\AnimationFrame.cpp">
      <Filter>Source Files\AnimationTypes\Standard &amp; Streamed Animation</Filter>
    </ClCompile>
    <ClCompile Include="AnimationTypes\TileAnimation.cpp">
      <Filter>Source Files\AnimationTypes\Tile Animation</Filter>
    </ClCompile>
    <ClCompile Include="AnimationTypes\TileAnimationFrame.cpp">
      <Filter>Source Files\AnimationTypes\Tile Animation</Filter>
    </ClCompile>
    <ClCompile Include="AnimationTypes\PlaneAnimation.cpp">
      <Filter>Source Files\AnimationTypes\Plane Animation</Filter>
    </ClCompile>
    <ClCompile Include="AnimationTypes\PlaneAnimationFrame.cpp">
      <Filter>Source Files\AnimationTypes\Plane Animation</Filter>
    </ClCompile>
    <ClCompile Include="Base\SpriteStripStore.cpp">
      <Filter>Source Files\Base</Filter>
    </ClCompile>
    <ClCompile Include="AnimationTypes\Palette.cpp">
      <Filter>Source Files\AnimationTypes\Palette</Filter>
    </ClCompile>
    <ClCompile Include="Base\palette_utils.cpp">
      <Filter>Source Files\Base</Filter>
    </ClCompile>
  </ItemGroup>
  <ItemGroup>
    <ClInclude Include="stdafx.h">
      <Filter>Source Files</Filter>
    </ClInclude>
    <ClInclude Include="targetver.h">
      <Filter>Source Files</Filter>
    </ClInclude>
    <ClInclude Include="Utils\FileUtils.h">
      <Filter>Source Files\Utils</Filter>
    </ClInclude>
    <ClInclude Include="AnimationTypes\AnimationProperties.h">
      <Filter>Source Files\AnimationTypes</Filter>
    </ClInclude>
    <ClInclude Include="Utils\BitmapUtils.h">
      <Filter>Source Files\Utils</Filter>
    </ClInclude>
    <ClInclude Include="Utils\SpriteUtils.h">
      <Filter>Source Files\Utils</Filter>
    </ClInclude>
    <ClInclude Include="Utils\TileUtils.h">
      <Filter>Source Files\Utils</Filter>
    </ClInclude>
    <ClInclude Include="Utils\WriteUtils.h">
      <Filter>Source Files\Utils</Filter>
    </ClInclude>
    <ClInclude Include="thirdparty\galefile151119\galefile.h">
      <Filter>thirdparty</Filter>
    </ClInclude>
    <ClInclude Include="GraphicsGale\GraphicsGaleObject.h">
      <Filter>Source Files\GraphicsGale</Filter>
    </ClInclude>
    <ClInclude Include="Utils\ParseArguments.h">
      <Filter>Source Files\Utils</Filter>
    </ClInclude>
    <ClInclude Include="AnimationTypes\AnimationTypes.h">
      <Filter>Source Files\AnimationTypes</Filter>
    </ClInclude>
    <ClInclude Include="Utils\StringUtils.h">
      <Filter>Source Files\Utils</Filter>
    </ClInclude>
    <ClInclude Include="Base\Sprite.h">
      <Filter>Source Files\Base</Filter>
    </ClInclude>
    <ClInclude Include="Base\TileStore.h">
      <Filter>Source Files\Base</Filter>
    </ClInclude>
    <ClInclude Include="Base\errors.h">
      <Filter>Source Files\Base</Filter>
    </ClInclude>
    <ClInclude Include="AnimationTypes\Animation.h">
      <Filter>Source Files\AnimationTypes\Standard &amp; Streamed Animation</Filter>
    </ClInclude>
    <ClInclude Include="AnimationTypes\AnimationFrame.h">
      <Filter>Source Files\AnimationTypes\Standard &amp; Streamed Animation</Filter>
    </ClInclude>
    <ClInclude Include="AnimationTypes\TileAnimation.h">
      <Filter>Source Files\AnimationTypes\Tile Animation</Filter>
    </ClInclude>
    <ClInclude Include="AnimationTypes\TileAnimationFrame.h">
      <Filter>Source Files\AnimationTypes\Tile Animation</Filter>
    </ClInclude>
    <ClInclude Include="AnimationTypes\PlaneAnimation.h">
      <Filter>Source Files\AnimationTypes\Plane Animation</Filter>
    </ClInclude>
    <ClInclude Include="AnimationTypes\PlaneAnimationFrame.h">
      <Filter>Source Files\AnimationTypes\Plane Animation</Filter>
    </ClInclude>
    <ClInclude Include="Base\SpriteStripStore.h">
      <Filter>Source Files\Base</Filter>
    </ClInclude>
    <ClInclude Include="Base\TileTypes.h">
      <Filter>Source Files\Base</Filter>
    </ClInclude>
    <ClInclude Include="AnimationTypes\Palette.h">
      <Filter>Source Files\AnimationTypes\Palette</Filter>
    </ClInclude>
    <ClInclude Include="Base\palette_utils.h">
      <Filter>Source Files\Base</Filter>
    </ClInclude>
  </ItemGroup>
  <ItemGroup>
    <None Include="thirdparty\galefile151119\galefile.dll">
      <Filter>thirdparty</Filter>
    </None>
  </ItemGroup>
</Project>