<?xml version="1.0" encoding="utf-8"?>
<Project ToolsVersion="4.0" xmlns="http://schemas.microsoft.com/developer/msbuild/2003">
  <ItemGroup>
    <Filter Include="Source Files">
      <UniqueIdentifier>{4FC737F1-C7A5-4376-A066-2A32D752A2FF}</UniqueIdentifier>
      <Extensions>cpp;c;cc;cxx;c++;cppm;ixx;def;odl;idl;hpj;bat;asm;asmx</Extensions>
    </Filter>
    <Filter Include="SMSLib">
      <UniqueIdentifier>{c9ef1464-5305-434c-8b8a-e75277b516a7}</UniqueIdentifier>
    </Filter>
    <Filter Include="Source Files\client">
      <UniqueIdentifier>{7e514f1a-1922-4cf2-86c8-9b476208e207}</UniqueIdentifier>
    </Filter>
    <Filter Include="Source Files\engine">
      <UniqueIdentifier>{f15ba3f2-c6db-4320-81bf-15744409a7c7}</UniqueIdentifier>
    </Filter>
    <Filter Include="Source Files\client\objects">
      <UniqueIdentifier>{d4a49bec-de3b-484e-8084-e2c58e3cd206}</UniqueIdentifier>
    </Filter>
    <Filter Include="build">
      <UniqueIdentifier>{0b85504b-55c9-4452-86e6-e9d47a04f4e8}</UniqueIdentifier>
    </Filter>
    <Filter Include="Source Files\client\generated">
      <UniqueIdentifier>{3ba47747-f29c-448f-b69e-6704add854c8}</UniqueIdentifier>
    </Filter>
    <Filter Include="Source Files\client\exported">
      <UniqueIdentifier>{5f549717-d11c-474e-a27d-c397315ed6e0}</UniqueIdentifier>
    </Filter>
    <Filter Include="PSGLib">
      <UniqueIdentifier>{37a64740-56bc-4f89-8097-10d88dee35e0}</UniqueIdentifier>
    </Filter>
    <Filter Include="SMSLib\crt0">
      <UniqueIdentifier>{d2d27c6c-709c-47c4-a8a7-5d6b57f0f1be}</UniqueIdentifier>
    </Filter>
  </ItemGroup>
  <ItemGroup>
    <ClCompile Include="..\source\engine\level_manager.c">
      <Filter>Source Files\engine</Filter>
    </ClCompile>
    <ClCompile Include="..\source\engine\object_manager.c">
      <Filter>Source Files\engine</Filter>
    </ClCompile>
    <ClCompile Include="..\source\engine\scroll_manager.c">
      <Filter>Source Files\engine</Filter>
    </ClCompile>
    <ClCompile Include="..\source\engine\vdptile_manager.c">
      <Filter>Source Files\engine</Filter>
    </ClCompile>
    <ClCompile Include="..\source\client\main.c">
      <Filter>Source Files\client</Filter>
    </ClCompile>
    <ClCompile Include="..\source\client\objects\player.c">
      <Filter>Source Files\client\objects</Filter>
    </ClCompile>
    <ClCompile Include="..\source\client\exported\global_palette.c">
      <Filter>Source Files\client\exported</Filter>
    </ClCompile>
    <ClCompile Include="..\source\client\exported\ninja_girl.c">
      <Filter>Source Files\client\exported</Filter>
    </ClCompile>
    <ClCompile Include="..\source\engine\command_manager.c">
      <Filter>Source Files\engine</Filter>
    </ClCompile>
    <ClCompile Include="..\source\engine\scroll_utils.c">
      <Filter>Source Files\engine</Filter>
    </ClCompile>
    <ClCompile Include="..\source\client\objects\right_scroller.c">
      <Filter>Source Files\client\objects</Filter>
    </ClCompile>
    <ClCompile Include="..\source\engine\object_utils.c">
      <Filter>Source Files\engine</Filter>
    </ClCompile>
    <ClCompile Include="..\source\client\objects\commandrunner_runall.c">
      <Filter>Source Files\client\objects</Filter>
    </ClCompile>
    <ClCompile Include="..\source\client\exported\level002.c">
      <Filter>Source Files\client\exported</Filter>
    </ClCompile>
    <ClCompile Include="..\source\client\objects\enemy.c">
      <Filter>Source Files\client\objects</Filter>
    </ClCompile>
    <ClCompile Include="..\source\client\exported\evil_eye.c">
      <Filter>Source Files\client\exported</Filter>
    </ClCompile>
    <ClCompile Include="..\source\engine\draw_utils.c">
      <Filter>Source Files\engine</Filter>
    </ClCompile>
    <ClCompile Include="..\source\engine\animation_utils.c">
      <Filter>Source Files\engine</Filter>
    </ClCompile>
    <ClCompile Include="..\source\client\objects\kunai.c">
      <Filter>Source Files\client\objects</Filter>
    </ClCompile>
    <ClCompile Include="..\source\client\exported\kunai.c">
      <Filter>Source Files\client\exported</Filter>
    </ClCompile>
    <ClCompile Include="..\..\..\..\devkitSMS-master\SMSlib\src\SMSlib_sprite.c">
      <Filter>SMSLib</Filter>
    </ClCompile>
    <ClCompile Include="..\..\..\..\devkitSMS-master\SMSlib\src\SMSlib_twosprites.c">
      <Filter>SMSLib</Filter>
    </ClCompile>
    <ClCompile Include="..\..\..\..\devkitSMS-master\SMSlib\src\SMSlib_threesprites.c">
      <Filter>SMSLib</Filter>
    </ClCompile>
    <ClCompile Include="..\..\..\..\devkitSMS-master\SMSlib\src\SMSlib.c">
      <Filter>SMSLib</Filter>
    </ClCompile>
    <ClCompile Include="..\..\..\..\devkitSMS-master\PSGlib\src\PSGlib.c">
      <Filter>PSGLib</Filter>
    </ClCompile>
    <ClCompile Include="..\source\client\generated\bank2.c">
      <Filter>Source Files\client\generated</Filter>
    </ClCompile>
    <ClCompile Include="..\source\client\exported\birdidle.c">
      <Filter>Source Files\client\exported</Filter>
    </ClCompile>
    <ClCompile Include="..\source\client\objects\bird.c">
      <Filter>Source Files\client\objects</Filter>
    </ClCompile>
    <ClCompile Include="..\..\..\..\devkitSMS-master\SMSlib\src\SMSlib_readVRAM.c">
      <Filter>SMSLib</Filter>
    </ClCompile>
    <ClCompile Include="..\..\..\..\devkitSMS-master\SMSlib\src\SMSlib_spriteAdv.c">
      <Filter>SMSLib</Filter>
    </ClCompile>
    <ClCompile Include="..\..\..\..\devkitSMS-master\SMSlib\src\SMSlib_spriteClip.c">
      <Filter>SMSLib</Filter>
    </ClCompile>
    <ClCompile Include="..\..\..\..\devkitSMS-master\SMSlib\src\SMSlib_STC0comp.c">
      <Filter>SMSLib</Filter>
    </ClCompile>
    <ClCompile Include="..\..\..\..\devkitSMS-master\SMSlib\src\SMSlib_STMcomp.c">
      <Filter>SMSLib</Filter>
    </ClCompile>
    <ClCompile Include="..\..\..\..\devkitSMS-master\SMSlib\src\SMSlib_string.c">
      <Filter>SMSLib</Filter>
    </ClCompile>
    <ClCompile Include="..\..\..\..\devkitSMS-master\SMSlib\src\SMSlib_textrenderer.c">
      <Filter>SMSLib</Filter>
    </ClCompile>
    <ClCompile Include="..\..\..\..\devkitSMS-master\SMSlib\src\SMSlib_UNSAFE.c">
      <Filter>SMSLib</Filter>
    </ClCompile>
    <ClCompile Include="..\..\..\..\devkitSMS-master\SMSlib\src\SMSlib_UNSAFE_aPLib.c">
      <Filter>SMSLib</Filter>
    </ClCompile>
    <ClCompile Include="..\..\..\..\devkitSMS-master\SMSlib\src\SMSlib_VRAMmemcpy.c">
      <Filter>SMSLib</Filter>
    </ClCompile>
    <ClCompile Include="..\..\..\..\devkitSMS-master\SMSlib\src\SMSlib_VRAMmemcpy_brief.c">
      <Filter>SMSLib</Filter>
    </ClCompile>
    <ClCompile Include="..\..\..\..\devkitSMS-master\SMSlib\src\SMSlib_VRAMmemset.c">
      <Filter>SMSLib</Filter>
    </ClCompile>
    <ClCompile Include="..\..\..\..\devkitSMS-master\SMSlib\src\SMSlib_zx7.c">
      <Filter>SMSLib</Filter>
    </ClCompile>
    <ClCompile Include="..\..\..\..\devkitSMS-master\SMSlib\src\SMSlib_zx7_VRAM.c">
      <Filter>SMSLib</Filter>
    </ClCompile>
    <ClCompile Include="..\..\..\..\devkitSMS-master\SMSlib\src\SMSlib_aPLib.c">
      <Filter>SMSLib</Filter>
    </ClCompile>
    <ClCompile Include="..\..\..\..\devkitSMS-master\SMSlib\src\SMSlib_autotext.c">
      <Filter>SMSLib</Filter>
    </ClCompile>
    <ClCompile Include="..\..\..\..\devkitSMS-master\SMSlib\src\SMSlib_common.c">
      <Filter>SMSLib</Filter>
    </ClCompile>
    <ClCompile Include="..\..\..\..\devkitSMS-master\SMSlib\src\SMSlib_deprecated.c">
      <Filter>SMSLib</Filter>
    </ClCompile>
    <ClCompile Include="..\..\..\..\devkitSMS-master\SMSlib\src\SMSlib_getTile.c">
      <Filter>SMSLib</Filter>
    </ClCompile>
    <ClCompile Include="..\..\..\..\devkitSMS-master\SMSlib\src\SMSlib_load1bppTiles.c">
      <Filter>SMSLib</Filter>
    </ClCompile>
    <ClCompile Include="..\..\..\..\devkitSMS-master\SMSlib\src\SMSlib_loadTileMapArea.c">
      <Filter>SMSLib</Filter>
    </ClCompile>
    <ClCompile Include="..\..\..\..\devkitSMS-master\SMSlib\src\SMSlib_loadTileMapColumn.c">
      <Filter>SMSLib</Filter>
    </ClCompile>
    <ClCompile Include="..\..\..\..\devkitSMS-master\SMSlib\src\SMSlib_paddle.c">
      <Filter>SMSLib</Filter>
    </ClCompile>
    <ClCompile Include="..\..\..\..\devkitSMS-master\SMSlib\src\SMSlib_paletteAdv.c">
      <Filter>SMSLib</Filter>
    </ClCompile>
    <ClCompile Include="..\..\..\..\devkitSMS-master\SMSlib\src\SMSlib_paletteSub.c">
      <Filter>SMSLib</Filter>
    </ClCompile>
    <ClCompile Include="..\..\..\..\devkitSMS-master\SMSlib\src\SMSlib_PSGaiden.c">
      <Filter>SMSLib</Filter>
    </ClCompile>
    <ClCompile Include="..\source\engine\resource_manager.c">
      <Filter>Source Files\engine</Filter>
    </ClCompile>
    <ClCompile Include="..\source\client\objects\tile_animator.c">
      <Filter>Source Files\client\objects</Filter>
    </ClCompile>
    <ClCompile Include="..\source\engine\map_types.c">
      <Filter>Source Files\engine</Filter>
    </ClCompile>
    <ClCompile Include="..\source\client\objects\commandrunner_rightscroll.c">
      <Filter>Source Files\client\objects</Filter>
    </ClCompile>
    <ClCompile Include="..\source\engine\command_types.c">
      <Filter>Source Files\engine</Filter>
    </ClCompile>
    <ClCompile Include="..\source\client\exported\explosion.c">
      <Filter>Source Files\client\exported</Filter>
    </ClCompile>
    <ClCompile Include="..\source\client\exported\impact.c">
      <Filter>Source Files\client\exported</Filter>
    </ClCompile>
    <ClCompile Include="..\source\client\objects\effect.c">
      <Filter>Source Files\client\objects</Filter>
    </ClCompile>
    <ClCompile Include="..\source\client\exported\background3.c">
      <Filter>Source Files\client\exported</Filter>
    </ClCompile>
    <ClCompile Include="..\source\client\generated\background3_tileset.c">
      <Filter>Source Files\client\generated</Filter>
    </ClCompile>
    <ClCompile Include="..\source\client\generated\waterfall_tileset.c">
      <Filter>Source Files\client\generated</Filter>
    </ClCompile>
    <ClCompile Include="..\source\client\exported\waterfall.c">
      <Filter>Source Files\client\exported</Filter>
    </ClCompile>
    <ClCompile Include="..\source\client\objects\on_resource_loaded_callback.c">
      <Filter>Source Files\client\objects</Filter>
    </ClCompile>
    <ClCompile Include="..\source\client\generated\breakable_rock_tileset.c">
      <Filter>Source Files\client\generated</Filter>
    </ClCompile>
    <ClCompile Include="..\source\engine\terrain_manager.c">
      <Filter>Source Files\engine</Filter>
    </ClCompile>
  </ItemGroup>
  <ItemGroup>
    <ClInclude Include="..\..\..\..\devkitSMS-master\SMSlib\src\SMSlib.h">
      <Filter>SMSLib</Filter>
    </ClInclude>
    <ClInclude Include="..\source\engine\animation_types.h">
      <Filter>Source Files\engine</Filter>
    </ClInclude>
    <ClInclude Include="..\source\engine\level_manager.h">
      <Filter>Source Files\engine</Filter>
    </ClInclude>
    <ClInclude Include="..\source\engine\level_types.h">
      <Filter>Source Files\engine</Filter>
    </ClInclude>
    <ClInclude Include="..\source\engine\map_types.h">
      <Filter>Source Files\engine</Filter>
    </ClInclude>
    <ClInclude Include="..\source\engine\object_manager.h">
      <Filter>Source Files\engine</Filter>
    </ClInclude>
    <ClInclude Include="..\source\engine\object_types.h">
      <Filter>Source Files\engine</Filter>
    </ClInclude>
    <ClInclude Include="..\source\engine\scroll_manager.h">
      <Filter>Source Files\engine</Filter>
    </ClInclude>
    <ClInclude Include="..\source\engine\base_types.h">
      <Filter>Source Files\engine</Filter>
    </ClInclude>
    <ClInclude Include="..\source\engine\vdptile_manager.h">
      <Filter>Source Files\engine</Filter>
    </ClInclude>
    <ClInclude Include="..\source\client\objects\player.h">
      <Filter>Source Files\client\objects</Filter>
    </ClInclude>
    <ClInclude Include="..\source\client\exported\global_palette.h">
      <Filter>Source Files\client\exported</Filter>
    </ClInclude>
    <ClInclude Include="..\source\client\exported\ninja_girl.h">
      <Filter>Source Files\client\exported</Filter>
    </ClInclude>
    <ClInclude Include="..\source\engine\command_manager.h">
      <Filter>Source Files\engine</Filter>
    </ClInclude>
    <ClInclude Include="..\source\engine\scroll_utils.h">
      <Filter>Source Files\engine</Filter>
    </ClInclude>
    <ClInclude Include="..\source\client\objects\right_scroller.h">
      <Filter>Source Files\client\objects</Filter>
    </ClInclude>
    <ClInclude Include="..\source\engine\object_utils.h">
      <Filter>Source Files\engine</Filter>
    </ClInclude>
    <ClInclude Include="..\source\client\objects\commandrunner_runall.h">
      <Filter>Source Files\client\objects</Filter>
    </ClInclude>
    <ClInclude Include="..\source\engine\base_defines.h">
      <Filter>Source Files\engine</Filter>
    </ClInclude>
    <ClInclude Include="..\source\client\exported\level002.h">
      <Filter>Source Files\client\exported</Filter>
    </ClInclude>
    <ClInclude Include="..\source\client\objects\enemy.h">
      <Filter>Source Files\client\objects</Filter>
    </ClInclude>
    <ClInclude Include="..\source\client\exported\evil_eye.h">
      <Filter>Source Files\client\exported</Filter>
    </ClInclude>
    <ClInclude Include="..\source\engine\draw_utils.h">
      <Filter>Source Files\engine</Filter>
    </ClInclude>
    <ClInclude Include="..\source\engine\animation_utils.h">
      <Filter>Source Files\engine</Filter>
    </ClInclude>
    <ClInclude Include="..\source\client\objects\kunai.h">
      <Filter>Source Files\client\objects</Filter>
    </ClInclude>
    <ClInclude Include="..\source\client\exported\kunai.h">
      <Filter>Source Files\client\exported</Filter>
    </ClInclude>
    <ClInclude Include="..\..\..\..\devkitSMS-master\PSGlib\src\PSGlib.h">
      <Filter>PSGLib</Filter>
    </ClInclude>
    <ClInclude Include="..\source\client\generated\bank2.h">
      <Filter>Source Files\client\generated</Filter>
    </ClInclude>
    <ClInclude Include="..\source\client\exported\birdidle.h">
      <Filter>Source Files\client\exported</Filter>
    </ClInclude>
    <ClInclude Include="..\source\client\objects\bird.h">
      <Filter>Source Files\client\objects</Filter>
    </ClInclude>
    <ClInclude Include="..\source\engine\resource_manager.h">
      <Filter>Source Files\engine</Filter>
    </ClInclude>
    <ClInclude Include="..\source\engine\resource_types.h">
      <Filter>Source Files\engine</Filter>
    </ClInclude>
    <ClInclude Include="..\source\client\objects\tile_animator.h">
      <Filter>Source Files\client\objects</Filter>
    </ClInclude>
    <ClInclude Include="..\source\engine\command_types.h">
      <Filter>Source Files\engine</Filter>
    </ClInclude>
    <ClInclude Include="..\source\client\objects\commandrunner_rightscroll.h">
      <Filter>Source Files\client\objects</Filter>
    </ClInclude>
    <ClInclude Include="..\source\client\exported\explosion.h">
      <Filter>Source Files\client\exported</Filter>
    </ClInclude>
    <ClInclude Include="..\source\client\exported\impact.h">
      <Filter>Source Files\client\exported</Filter>
    </ClInclude>
    <ClInclude Include="..\source\client\objects\effect.h">
      <Filter>Source Files\client\objects</Filter>
    </ClInclude>
    <ClInclude Include="..\source\client\exported\background3.h">
      <Filter>Source Files\client\exported</Filter>
    </ClInclude>
    <ClInclude Include="..\source\client\generated\background3_tileset.h">
      <Filter>Source Files\client\generated</Filter>
    </ClInclude>
    <ClInclude Include="..\source\engine\math_utils.h">
      <Filter>Source Files\engine</Filter>
    </ClInclude>
    <ClInclude Include="..\source\client\generated\waterfall_tileset.h">
      <Filter>Source Files\client\generated</Filter>
    </ClInclude>
    <ClInclude Include="..\source\client\exported\waterfall.h">
      <Filter>Source Files\client\exported</Filter>
    </ClInclude>
    <ClInclude Include="..\source\client\objects\on_resource_loaded_callback.h">
      <Filter>Source Files\client\objects</Filter>
    </ClInclude>
    <ClInclude Include="..\source\client\generated\breakable_rock_tileset.h">
      <Filter>Source Files\client\generated</Filter>
    </ClInclude>
    <ClInclude Include="..\source\engine\terrain_manager.h">
      <Filter>Source Files\engine</Filter>
    </ClInclude>
  </ItemGroup>
  <ItemGroup>
    <None Include="..\build\Makefile">
      <Filter>build</Filter>
    </None>
    <None Include="..\build\rebuild.bat">
      <Filter>build</Filter>
    </None>
    <None Include="..\build\build.bat">
      <Filter>build</Filter>
    </None>
    <None Include="..\build\clean.bat">
      <Filter>build</Filter>
    </None>
    <None Include="..\build\vs_clean.bat">
      <Filter>build</Filter>
    </None>
    <None Include="..\build\vs_rebuild.bat">
      <Filter>build</Filter>
    </None>
    <None Include="..\build\vs_build.bat">
      <Filter>build</Filter>
    </None>
    <None Include="..\build\config.bm">
      <Filter>build</Filter>
    </None>
    <None Include="..\..\..\..\devkitSMS-master\crt0\src\crt0_sms.s">
      <Filter>SMSLib\crt0</Filter>
    </None>
  </ItemGroup>
</Project>