<?xml version="1.0" encoding="utf-8"?>
<Project ToolsVersion="4.0" xmlns="http://schemas.microsoft.com/developer/msbuild/2003">
  <ItemGroup>
    <Filter Include="Source Files">
      <UniqueIdentifier>{4FC737F1-C7A5-4376-A066-2A32D752A2FF}</UniqueIdentifier>
      <Extensions>cpp;c;cc;cxx;c++;cppm;ixx;def;odl;idl;hpj;bat;asm;asmx</Extensions>
    </Filter>
    <Filter Include="SMSLib">
      <UniqueIdentifier>{c9ef1464-5305-434c-8b8a-e75277b516a7}</UniqueIdentifier>
    </Filter>
    <Filter Include="Source Files\client">
      <UniqueIdentifier>{7e514f1a-1922-4cf2-86c8-9b476208e207}</UniqueIdentifier>
    </Filter>
    <Filter Include="Source Files\engine">
      <UniqueIdentifier>{f15ba3f2-c6db-4320-81bf-15744409a7c7}</UniqueIdentifier>
    </Filter>
    <Filter Include="Source Files\client\objects">
      <UniqueIdentifier>{d4a49bec-de3b-484e-8084-e2c58e3cd206}</UniqueIdentifier>
    </Filter>
    <Filter Include="build">
      <UniqueIdentifier>{0b85504b-55c9-4452-86e6-e9d47a04f4e8}</UniqueIdentifier>
    </Filter>
    <Filter Include="Source Files\client\generated">
      <UniqueIdentifier>{3ba47747-f29c-448f-b69e-6704add854c8}</UniqueIdentifier>
    </Filter>
    <Filter Include="Source Files\client\exported">
      <UniqueIdentifier>{5f549717-d11c-474e-a27d-c397315ed6e0}</UniqueIdentifier>
    </Filter>
    <Filter Include="PSGLib">
      <UniqueIdentifier>{37a64740-56bc-4f89-8097-10d88dee35e0}</UniqueIdentifier>
    </Filter>
  </ItemGroup>
  <ItemGroup>
    <ClCompile Include="..\source\engine\level_manager.c">
      <Filter>Source Files\engine</Filter>
    </ClCompile>
    <ClCompile Include="..\source\engine\object_manager.c">
      <Filter>Source Files\engine</Filter>
    </ClCompile>
    <ClCompile Include="..\source\engine\scroll_manager.c">
      <Filter>Source Files\engine</Filter>
    </ClCompile>
    <ClCompile Include="..\source\engine\vdptile_manager.c">
      <Filter>Source Files\engine</Filter>
    </ClCompile>
    <ClCompile Include="..\source\client\main.c">
      <Filter>Source Files\client</Filter>
    </ClCompile>
    <ClCompile Include="..\source\client\objects\player.c">
      <Filter>Source Files\client\objects</Filter>
    </ClCompile>
    <ClCompile Include="..\source\client\generated\background_tileset.c">
      <Filter>Source Files\client\generated</Filter>
    </ClCompile>
    <ClCompile Include="..\source\client\exported\background.c">
      <Filter>Source Files\client\exported</Filter>
    </ClCompile>
    <ClCompile Include="..\source\client\exported\global_palette.c">
      <Filter>Source Files\client\exported</Filter>
    </ClCompile>
    <ClCompile Include="..\source\client\exported\level001.c">
      <Filter>Source Files\client\exported</Filter>
    </ClCompile>
    <ClCompile Include="..\source\client\exported\ninja_girl.c">
      <Filter>Source Files\client\exported</Filter>
    </ClCompile>
    <ClCompile Include="..\source\engine\spawn_manager.c">
      <Filter>Source Files\engine</Filter>
    </ClCompile>
    <ClCompile Include="..\source\engine\scroll_utils.c">
      <Filter>Source Files\engine</Filter>
    </ClCompile>
    <ClCompile Include="..\source\client\objects\right_scroller.c">
      <Filter>Source Files\client\objects</Filter>
    </ClCompile>
    <ClCompile Include="..\source\engine\object_utils.c">
      <Filter>Source Files\engine</Filter>
    </ClCompile>
    <ClCompile Include="..\source\client\objects\everything_spawner.c">
      <Filter>Source Files\client\objects</Filter>
    </ClCompile>
    <ClCompile Include="..\source\client\objects\streaming_spawner.c">
      <Filter>Source Files\client\objects</Filter>
    </ClCompile>
    <ClCompile Include="..\source\client\generated\sprite_vdp_locations.c">
      <Filter>Source Files\client\generated</Filter>
    </ClCompile>
    <ClCompile Include="..\source\client\exported\level002.c">
      <Filter>Source Files\client\exported</Filter>
    </ClCompile>
    <ClCompile Include="..\source\client\objects\enemy.c">
      <Filter>Source Files\client\objects</Filter>
    </ClCompile>
    <ClCompile Include="..\source\client\exported\evil_eye.c">
      <Filter>Source Files\client\exported</Filter>
    </ClCompile>
    <ClCompile Include="..\source\engine\draw_utils.c">
      <Filter>Source Files\engine</Filter>
    </ClCompile>
    <ClCompile Include="..\source\engine\animation_utils.c">
      <Filter>Source Files\engine</Filter>
    </ClCompile>
    <ClCompile Include="..\source\client\objects\kunai.c">
      <Filter>Source Files\client\objects</Filter>
    </ClCompile>
    <ClCompile Include="..\source\client\exported\kunai.c">
      <Filter>Source Files\client\exported</Filter>
    </ClCompile>
    <ClCompile Include="..\..\..\..\devkitSMS-master\SMSlib\src\SMSlib_sprite.c">
      <Filter>SMSLib</Filter>
    </ClCompile>
    <ClCompile Include="..\..\..\..\devkitSMS-master\SMSlib\src\SMSlib_twosprites.c">
      <Filter>SMSLib</Filter>
    </ClCompile>
    <ClCompile Include="..\..\..\..\devkitSMS-master\SMSlib\src\SMSlib_threesprites.c">
      <Filter>SMSLib</Filter>
    </ClCompile>
    <ClCompile Include="..\..\..\..\devkitSMS-master\SMSlib\src\SMSlib.c">
      <Filter>SMSLib</Filter>
    </ClCompile>
    <ClCompile Include="..\..\..\..\devkitSMS-master\PSGlib\src\PSGlib.c">
      <Filter>PSGLib</Filter>
    </ClCompile>
    <ClCompile Include="..\source\client\generated\bank2.c">
      <Filter>Source Files\client\generated</Filter>
    </ClCompile>
  </ItemGroup>
  <ItemGroup>
    <ClInclude Include="..\..\..\..\devkitSMS-master\SMSlib\src\SMSlib.h">
      <Filter>SMSLib</Filter>
    </ClInclude>
    <ClInclude Include="..\source\engine\animation_types.h">
      <Filter>Source Files\engine</Filter>
    </ClInclude>
    <ClInclude Include="..\source\engine\level_manager.h">
      <Filter>Source Files\engine</Filter>
    </ClInclude>
    <ClInclude Include="..\source\engine\level_types.h">
      <Filter>Source Files\engine</Filter>
    </ClInclude>
    <ClInclude Include="..\source\engine\map_types.h">
      <Filter>Source Files\engine</Filter>
    </ClInclude>
    <ClInclude Include="..\source\engine\object_manager.h">
      <Filter>Source Files\engine</Filter>
    </ClInclude>
    <ClInclude Include="..\source\engine\object_types.h">
      <Filter>Source Files\engine</Filter>
    </ClInclude>
    <ClInclude Include="..\source\engine\scroll_manager.h">
      <Filter>Source Files\engine</Filter>
    </ClInclude>
    <ClInclude Include="..\source\engine\spawn_types.h">
      <Filter>Source Files\engine</Filter>
    </ClInclude>
    <ClInclude Include="..\source\engine\base_types.h">
      <Filter>Source Files\engine</Filter>
    </ClInclude>
    <ClInclude Include="..\source\engine\vdptile_manager.h">
      <Filter>Source Files\engine</Filter>
    </ClInclude>
    <ClInclude Include="..\source\client\objects\player.h">
      <Filter>Source Files\client\objects</Filter>
    </ClInclude>
    <ClInclude Include="..\source\client\generated\background_tileset.h">
      <Filter>Source Files\client\generated</Filter>
    </ClInclude>
    <ClInclude Include="..\source\client\exported\background.h">
      <Filter>Source Files\client\exported</Filter>
    </ClInclude>
    <ClInclude Include="..\source\client\exported\global_palette.h">
      <Filter>Source Files\client\exported</Filter>
    </ClInclude>
    <ClInclude Include="..\source\client\exported\level001.h">
      <Filter>Source Files\client\exported</Filter>
    </ClInclude>
    <ClInclude Include="..\source\client\exported\ninja_girl.h">
      <Filter>Source Files\client\exported</Filter>
    </ClInclude>
    <ClInclude Include="..\source\engine\spawn_manager.h">
      <Filter>Source Files\engine</Filter>
    </ClInclude>
    <ClInclude Include="..\source\engine\scroll_utils.h">
      <Filter>Source Files\engine</Filter>
    </ClInclude>
    <ClInclude Include="..\source\client\objects\right_scroller.h">
      <Filter>Source Files\client\objects</Filter>
    </ClInclude>
    <ClInclude Include="..\source\engine\object_utils.h">
      <Filter>Source Files\engine</Filter>
    </ClInclude>
    <ClInclude Include="..\source\client\objects\everything_spawner.h">
      <Filter>Source Files\client\objects</Filter>
    </ClInclude>
    <ClInclude Include="..\source\client\objects\streaming_spawner.h">
      <Filter>Source Files\client\objects</Filter>
    </ClInclude>
    <ClInclude Include="..\source\engine\base_defines.h">
      <Filter>Source Files\engine</Filter>
    </ClInclude>
    <ClInclude Include="..\source\client\generated\sprite_vdp_locations.h">
      <Filter>Source Files\client\generated</Filter>
    </ClInclude>
    <ClInclude Include="..\source\client\exported\level002.h">
      <Filter>Source Files\client\exported</Filter>
    </ClInclude>
    <ClInclude Include="..\source\client\objects\enemy.h">
      <Filter>Source Files\client\objects</Filter>
    </ClInclude>
    <ClInclude Include="..\source\client\exported\evil_eye.h">
      <Filter>Source Files\client\exported</Filter>
    </ClInclude>
    <ClInclude Include="..\source\engine\draw_utils.h">
      <Filter>Source Files\engine</Filter>
    </ClInclude>
    <ClInclude Include="..\source\engine\animation_utils.h">
      <Filter>Source Files\engine</Filter>
    </ClInclude>
    <ClInclude Include="..\source\client\objects\kunai.h">
      <Filter>Source Files\client\objects</Filter>
    </ClInclude>
    <ClInclude Include="..\source\client\exported\kunai.h">
      <Filter>Source Files\client\exported</Filter>
    </ClInclude>
    <ClInclude Include="..\..\..\..\devkitSMS-master\PSGlib\src\PSGlib.h">
      <Filter>PSGLib</Filter>
    </ClInclude>
    <ClInclude Include="..\source\client\generated\bank2.h">
      <Filter>Source Files\client\generated</Filter>
    </ClInclude>
  </ItemGroup>
  <ItemGroup>
    <None Include="..\build\Makefile">
      <Filter>build</Filter>
    </None>
    <None Include="..\build\rebuild.bat">
      <Filter>build</Filter>
    </None>
    <None Include="..\build\build.bat">
      <Filter>build</Filter>
    </None>
    <None Include="..\build\clean.bat">
      <Filter>build</Filter>
    </None>
    <None Include="..\build\vs_clean.bat">
      <Filter>build</Filter>
    </None>
    <None Include="..\build\vs_rebuild.bat">
      <Filter>build</Filter>
    </None>
    <None Include="..\build\vs_build.bat">
      <Filter>build</Filter>
    </None>
    <None Include="..\build\config.bm">
      <Filter>build</Filter>
    </None>
  </ItemGroup>
</Project>